
Microsoft Visual Studio Solution File, Format Version 12.00
# Visual Studio Version 17
VisualStudioVersion = 17.5.33627.172
MinimumVisualStudioVersion = 10.0.40219.1
Project("{8BC9CEB8-8B4A-11D0-8D11-00A0C91BC942}") = "Lab6", "Lab6\Lab6.vcxproj", "{5962DCFD-1446-4899-ADE4-29F6784DB959}"
EndProject
Global
	GlobalSection(SolutionConfigurationPlatforms) = preSolution
		Debug|x64 = Debug|x64
		Debug|x86 = Debug|x86
		Release|x64 = Release|x64
		Release|x86 = Release|x86
	EndGlobalSection
	GlobalSection(ProjectConfigurationPlatforms) = postSolution
		{5962DCFD-1446-4899-ADE4-29F6784DB959}.Debug|x64.ActiveCfg = Debug|x64
		{5962DCFD-1446-4899-ADE4-29F6784DB959}.Debug|x64.Build.0 = Debug|x64
		{5962DCFD-1446-4899-ADE4-29F6784DB959}.Debug|x86.ActiveCfg = Debug|Win32
		{5962DCFD-1446-4899-ADE4-29F6784DB959}.Debug|x86.Build.0 = Debug|Win32
		{5962DCFD-1446-4899-ADE4-29F6784DB959}.Release|x64.ActiveCfg = Release|x64
		{5962DCFD-1446-4899-ADE4-29F6784DB959}.Release|x64.Build.0 = Release|x64
		{5962DCFD-1446-4899-ADE4-29F6784DB959}.Release|x86.ActiveCfg = Release|Win32
		{5962DCFD-1446-4899-ADE4-29F6784DB959}.Release|x86.Build.0 = Release|Win32
	EndGlobalSection
	GlobalSection(SolutionProperties) = preSolution
		HideSolutionNode = FALSE
	EndGlobalSection
	GlobalSection(ExtensibilityGlobals) = postSolution
		SolutionGuid = {62AAF3BD-7ACF-4853-B1B6-01AD85895836}
	EndGlobalSection
EndGlobal
