
Microsoft Visual Studio Solution File, Format Version 12.00
# Visual Studio Version 17
VisualStudioVersion = 17.5.33530.505
MinimumVisualStudioVersion = 10.0.40219.1
Project("{8BC9CEB8-8B4A-11D0-8D11-00A0C91BC942}") = "Lab04", "Lab04\Lab04.vcxproj", "{AD0D7A98-3D27-4042-8F00-D4363E40463B}"
EndProject
Global
	GlobalSection(SolutionConfigurationPlatforms) = preSolution
		Debug|x64 = Debug|x64
		Debug|x86 = Debug|x86
		Release|x64 = Release|x64
		Release|x86 = Release|x86
	EndGlobalSection
	GlobalSection(ProjectConfigurationPlatforms) = postSolution
		{AD0D7A98-3D27-4042-8F00-D4363E40463B}.Debug|x64.ActiveCfg = Debug|x64
		{AD0D7A98-3D27-4042-8F00-D4363E40463B}.Debug|x64.Build.0 = Debug|x64
		{AD0D7A98-3D27-4042-8F00-D4363E40463B}.Debug|x86.ActiveCfg = Debug|Win32
		{AD0D7A98-3D27-4042-8F00-D4363E40463B}.Debug|x86.Build.0 = Debug|Win32
		{AD0D7A98-3D27-4042-8F00-D4363E40463B}.Release|x64.ActiveCfg = Release|x64
		{AD0D7A98-3D27-4042-8F00-D4363E40463B}.Release|x64.Build.0 = Release|x64
		{AD0D7A98-3D27-4042-8F00-D4363E40463B}.Release|x86.ActiveCfg = Release|Win32
		{AD0D7A98-3D27-4042-8F00-D4363E40463B}.Release|x86.Build.0 = Release|Win32
	EndGlobalSection
	GlobalSection(SolutionProperties) = preSolution
		HideSolutionNode = FALSE
	EndGlobalSection
	GlobalSection(ExtensibilityGlobals) = postSolution
		SolutionGuid = {97DB17A3-083D-455C-9D6B-504492C25E41}
	EndGlobalSection
EndGlobal
